
Microsoft Visual Studio Solution File, Format Version 12.00
# Visual Studio Version 16
VisualStudioVersion = 16.0.32126.315
MinimumVisualStudioVersion = 10.0.40219.1
Project("{D2ABAB84-BF74-430A-B69E-9DC6D40DDA17}") = "Projekt_Kostka", "Projekt_Kostka\Projekt_Kostka.dwproj", "{B1C265BD-6C5F-4A04-8310-37CB985DA4A4}"
EndProject
Global
	GlobalSection(SolutionConfigurationPlatforms) = preSolution
		Development|Default = Development|Default
	EndGlobalSection
	GlobalSection(ProjectConfigurationPlatforms) = postSolution
		{B1C265BD-6C5F-4A04-8310-37CB985DA4A4}.Development|Default.ActiveCfg = Development
		{B1C265BD-6C5F-4A04-8310-37CB985DA4A4}.Development|Default.Build.0 = Development
		{B1C265BD-6C5F-4A04-8310-37CB985DA4A4}.Development|Default.Deploy.0 = Development
	EndGlobalSection
	GlobalSection(SolutionProperties) = preSolution
		HideSolutionNode = FALSE
	EndGlobalSection
	GlobalSection(ExtensibilityGlobals) = postSolution
		SolutionGuid = {194BEFF9-9ECF-4672-A0C3-289597E408A5}
	EndGlobalSection
EndGlobal
