
Microsoft Visual Studio Solution File, Format Version 12.00
# Visual Studio Version 16
VisualStudioVersion = 16.0.32126.315
MinimumVisualStudioVersion = 10.0.40219.1
Project("{159641D6-6404-4A2A-AE62-294DE0FE8301}") = "Projekt_ETL", "Projekt_ETL\Projekt_ETL.dtproj", "{9BCDE1E2-F5E5-4564-9929-DE13E47788D8}"
EndProject
Global
	GlobalSection(SolutionConfigurationPlatforms) = preSolution
		Development|Default = Development|Default
	EndGlobalSection
	GlobalSection(ProjectConfigurationPlatforms) = postSolution
		{9BCDE1E2-F5E5-4564-9929-DE13E47788D8}.Development|Default.ActiveCfg = Development
		{9BCDE1E2-F5E5-4564-9929-DE13E47788D8}.Development|Default.Build.0 = Development
	EndGlobalSection
	GlobalSection(SolutionProperties) = preSolution
		HideSolutionNode = FALSE
	EndGlobalSection
	GlobalSection(ExtensibilityGlobals) = postSolution
		SolutionGuid = {95FE2C10-DBD0-4048-B11C-F6D4D92141E9}
	EndGlobalSection
EndGlobal
